{
  "name": "globular-web-client",
  "version": "1.0.81",
  "lockfileVersion": 1,
  "requires": true,
  "dependencies": {
    "@types/google-protobuf": {
      "version": "3.7.1",
      "resolved": "https://registry.npmjs.org/@types/google-protobuf/-/google-protobuf-3.7.1.tgz",
      "integrity": "sha512-kiLxbqoi2C7NmkGj1ZpkSDyIqj4vqDEIjx7wX+O0GXV6bLX6u/oLz49CwefD0c0vzaKeBdOqmUtI8bC0bBRr0w=="
    },
    "google-protobuf": {
      "version": "3.9.1",
      "resolved": "https://registry.npmjs.org/google-protobuf/-/google-protobuf-3.9.1.tgz",
      "integrity": "sha512-tkz7SVwBktFbqFK3teXFUY/VM57+mbUgV9bSD+sZH1ocHJ7uk7BfEWMRdU24dd0ciUDokreA7ghH2fYFIczQdw=="
    },
    "grpc-web": {
      "version": "1.0.6",
      "resolved": "https://registry.npmjs.org/grpc-web/-/grpc-web-1.0.6.tgz",
      "integrity": "sha512-iwqchQXNsA8bcJwuYEv/A8ScEaf5nA5+vtptEv2KN646KW94tsq7O+Q7hy5+gADOg6XhmJqPhSlvTMdiHlVfcw=="
    },
    "prettier": {
      "version": "1.18.2",
      "resolved": "https://registry.npmjs.org/prettier/-/prettier-1.18.2.tgz",
      "integrity": "sha512-OeHeMc0JhFE9idD4ZdtNibzY0+TPHSpSSb9h8FqtP+YnoZZ1sl8Vc9b1sasjfymH3SonAF4QcA2+mzHPhMvIiw==",
      "dev": true
    },
    "tslint-config-prettier": {
      "version": "1.18.0",
      "resolved": "https://registry.npmjs.org/tslint-config-prettier/-/tslint-config-prettier-1.18.0.tgz",
      "integrity": "sha512-xPw9PgNPLG3iKRxmK7DWr+Ea/SzrvfHtjFt5LBl61gk2UBG/DB9kCXRjv+xyIU1rUtnayLeMUVJBcMX8Z17nDg==",
      "dev": true
    },
    "typescript": {
      "version": "3.6.2",
      "resolved": "https://registry.npmjs.org/typescript/-/typescript-3.6.2.tgz",
      "integrity": "sha512-lmQ4L+J6mnu3xweP8+rOrUwzmN+MRAj7TgtJtDaXE5PMyX2kCrklhg3rvOsOIfNeAWMQWO2F1GPc1kMD2vLAfw==",
      "dev": true
    }
  }
}
