{
  "name": "globular-web-client",
  "version": "1.0.0",
  "lockfileVersion": 1,
  "requires": true,
  "dependencies": {
    "google-protobuf": {
      "version": "3.9.1",
      "resolved": "https://registry.npmjs.org/google-protobuf/-/google-protobuf-3.9.1.tgz",
      "integrity": "sha512-tkz7SVwBktFbqFK3teXFUY/VM57+mbUgV9bSD+sZH1ocHJ7uk7BfEWMRdU24dd0ciUDokreA7ghH2fYFIczQdw=="
    },
    "grpc-web": {
      "version": "1.0.6",
      "resolved": "https://registry.npmjs.org/grpc-web/-/grpc-web-1.0.6.tgz",
      "integrity": "sha512-iwqchQXNsA8bcJwuYEv/A8ScEaf5nA5+vtptEv2KN646KW94tsq7O+Q7hy5+gADOg6XhmJqPhSlvTMdiHlVfcw=="
    }
  }
}
