
Microsoft Visual Studio Solution File, Format Version 12.00
# Visual Studio Version 16
VisualStudioVersion = 16.0.29306.81
MinimumVisualStudioVersion = 10.0.40219.1
Project("{9A19103F-16F7-4668-BE54-9A1E7A4F7556}") = "GlobularRessourceClient", "GlobularRessourceClient.csproj", "{B9F131B3-E7A2-4269-AC31-604A80F0A760}"
EndProject
Global
	GlobalSection(SolutionConfigurationPlatforms) = preSolution
		Debug|Any CPU = Debug|Any CPU
		Release|Any CPU = Release|Any CPU
	EndGlobalSection
	GlobalSection(ProjectConfigurationPlatforms) = postSolution
		{B9F131B3-E7A2-4269-AC31-604A80F0A760}.Debug|Any CPU.ActiveCfg = Debug|Any CPU
		{B9F131B3-E7A2-4269-AC31-604A80F0A760}.Debug|Any CPU.Build.0 = Debug|Any CPU
		{B9F131B3-E7A2-4269-AC31-604A80F0A760}.Release|Any CPU.ActiveCfg = Release|Any CPU
		{B9F131B3-E7A2-4269-AC31-604A80F0A760}.Release|Any CPU.Build.0 = Release|Any CPU
	EndGlobalSection
	GlobalSection(SolutionProperties) = preSolution
		HideSolutionNode = FALSE
	EndGlobalSection
	GlobalSection(ExtensibilityGlobals) = postSolution
		SolutionGuid = {0C250228-108B-40CD-A6D3-E1C072E3C921}
	EndGlobalSection
EndGlobal
