
Microsoft Visual Studio Solution File, Format Version 12.00
# Visual Studio Version 16
VisualStudioVersion = 16.0.29215.179
MinimumVisualStudioVersion = 10.0.40219.1
Project("{8BC9CEB8-8B4A-11D0-8D11-00A0C91BC942}") = "PLC_server", "PLC_server\PLC_server.vcxproj", "{32360837-4266-4C66-B62D-2D95C564995E}"
EndProject
Global
	GlobalSection(SolutionConfigurationPlatforms) = preSolution
		Debug|x64 = Debug|x64
		Debug|x86 = Debug|x86
		Release|x64 = Release|x64
		Release|x86 = Release|x86
	EndGlobalSection
	GlobalSection(ProjectConfigurationPlatforms) = postSolution
		{32360837-4266-4C66-B62D-2D95C564995E}.Debug|x64.ActiveCfg = Debug|x64
		{32360837-4266-4C66-B62D-2D95C564995E}.Debug|x64.Build.0 = Debug|x64
		{32360837-4266-4C66-B62D-2D95C564995E}.Debug|x86.ActiveCfg = Debug|Win32
		{32360837-4266-4C66-B62D-2D95C564995E}.Debug|x86.Build.0 = Debug|Win32
		{32360837-4266-4C66-B62D-2D95C564995E}.Release|x64.ActiveCfg = Release|x64
		{32360837-4266-4C66-B62D-2D95C564995E}.Release|x64.Build.0 = Release|x64
		{32360837-4266-4C66-B62D-2D95C564995E}.Release|x86.ActiveCfg = Release|Win32
		{32360837-4266-4C66-B62D-2D95C564995E}.Release|x86.Build.0 = Release|Win32
	EndGlobalSection
	GlobalSection(SolutionProperties) = preSolution
		HideSolutionNode = FALSE
	EndGlobalSection
	GlobalSection(ExtensibilityGlobals) = postSolution
		SolutionGuid = {864FB500-DE93-4FFC-8F46-178668DEFCA8}
	EndGlobalSection
EndGlobal
